
Microsoft Visual Studio Solution File, Format Version 12.00
# Visual Studio Version 17
VisualStudioVersion = 17.14.36212.18
MinimumVisualStudioVersion = 10.0.40219.1
Project("{FAE04EC0-301F-11D3-BF4B-00C04F79EFBC}") = "DADeepDesertCalculator", "DADeepDesertCalculator\DADeepDesertCalculator\DADeepDesertCalculator.csproj", "{65751C9A-5462-4052-8235-885E2DE596EF}"
EndProject
Project("{FAE04EC0-301F-11D3-BF4B-00C04F79EFBC}") = "DADeepDesertCalculator.Client", "DADeepDesertCalculator\DADeepDesertCalculator.Client\DADeepDesertCalculator.Client.csproj", "{BB8A831F-FC26-4FC7-96C2-605A24E32A39}"
EndProject
Project("{FAE04EC0-301F-11D3-BF4B-00C04F79EFBC}") = "DuneData", "DuneData\DuneData.csproj", "{B1980C6C-04E3-4F48-9E91-064F30EA212D}"
EndProject
Global
	GlobalSection(SolutionConfigurationPlatforms) = preSolution
		Debug|Any CPU = Debug|Any CPU
		Release|Any CPU = Release|Any CPU
	EndGlobalSection
	GlobalSection(ProjectConfigurationPlatforms) = postSolution
		{65751C9A-5462-4052-8235-885E2DE596EF}.Debug|Any CPU.ActiveCfg = Debug|Any CPU
		{65751C9A-5462-4052-8235-885E2DE596EF}.Debug|Any CPU.Build.0 = Debug|Any CPU
		{65751C9A-5462-4052-8235-885E2DE596EF}.Release|Any CPU.ActiveCfg = Release|Any CPU
		{65751C9A-5462-4052-8235-885E2DE596EF}.Release|Any CPU.Build.0 = Release|Any CPU
		{BB8A831F-FC26-4FC7-96C2-605A24E32A39}.Debug|Any CPU.ActiveCfg = Debug|Any CPU
		{BB8A831F-FC26-4FC7-96C2-605A24E32A39}.Debug|Any CPU.Build.0 = Debug|Any CPU
		{BB8A831F-FC26-4FC7-96C2-605A24E32A39}.Release|Any CPU.ActiveCfg = Release|Any CPU
		{BB8A831F-FC26-4FC7-96C2-605A24E32A39}.Release|Any CPU.Build.0 = Release|Any CPU
		{B1980C6C-04E3-4F48-9E91-064F30EA212D}.Debug|Any CPU.ActiveCfg = Debug|Any CPU
		{B1980C6C-04E3-4F48-9E91-064F30EA212D}.Debug|Any CPU.Build.0 = Debug|Any CPU
		{B1980C6C-04E3-4F48-9E91-064F30EA212D}.Release|Any CPU.ActiveCfg = Release|Any CPU
		{B1980C6C-04E3-4F48-9E91-064F30EA212D}.Release|Any CPU.Build.0 = Release|Any CPU
	EndGlobalSection
	GlobalSection(SolutionProperties) = preSolution
		HideSolutionNode = FALSE
	EndGlobalSection
	GlobalSection(ExtensibilityGlobals) = postSolution
		SolutionGuid = {C7C7CA18-2EEF-4DA1-AC1E-E6DF882D9DD5}
	EndGlobalSection
EndGlobal
